
Microsoft Visual Studio Solution File, Format Version 12.00
# Visual Studio Version 17
VisualStudioVersion = 17.5.33530.505
MinimumVisualStudioVersion = 10.0.40219.1
Project("{FAE04EC0-301F-11D3-BF4B-00C04F79EFBC}") = "Practitioner.API", "Practitioner.API\Practitioner.API.csproj", "{3DFC722C-94E2-4C91-87CE-43B64FA7AEE4}"
EndProject
Project("{FAE04EC0-301F-11D3-BF4B-00C04F79EFBC}") = "Practitioner.DataAccess", "Practitioner.DataAccess\Practitioner.DataAccess.csproj", "{555C586A-ED45-4161-9462-C2734E1156DE}"
EndProject
Project("{FAE04EC0-301F-11D3-BF4B-00C04F79EFBC}") = "Practitioner.Domain", "Practitioner.Domain\Practitioner.Domain.csproj", "{2DEF3618-9759-419F-880A-CCB701E69E5A}"
EndProject
Global
	GlobalSection(SolutionConfigurationPlatforms) = preSolution
		Debug|Any CPU = Debug|Any CPU
		Release|Any CPU = Release|Any CPU
	EndGlobalSection
	GlobalSection(ProjectConfigurationPlatforms) = postSolution
		{3DFC722C-94E2-4C91-87CE-43B64FA7AEE4}.Debug|Any CPU.ActiveCfg = Debug|Any CPU
		{3DFC722C-94E2-4C91-87CE-43B64FA7AEE4}.Debug|Any CPU.Build.0 = Debug|Any CPU
		{3DFC722C-94E2-4C91-87CE-43B64FA7AEE4}.Release|Any CPU.ActiveCfg = Release|Any CPU
		{3DFC722C-94E2-4C91-87CE-43B64FA7AEE4}.Release|Any CPU.Build.0 = Release|Any CPU
		{555C586A-ED45-4161-9462-C2734E1156DE}.Debug|Any CPU.ActiveCfg = Debug|Any CPU
		{555C586A-ED45-4161-9462-C2734E1156DE}.Debug|Any CPU.Build.0 = Debug|Any CPU
		{555C586A-ED45-4161-9462-C2734E1156DE}.Release|Any CPU.ActiveCfg = Release|Any CPU
		{555C586A-ED45-4161-9462-C2734E1156DE}.Release|Any CPU.Build.0 = Release|Any CPU
		{2DEF3618-9759-419F-880A-CCB701E69E5A}.Debug|Any CPU.ActiveCfg = Debug|Any CPU
		{2DEF3618-9759-419F-880A-CCB701E69E5A}.Debug|Any CPU.Build.0 = Debug|Any CPU
		{2DEF3618-9759-419F-880A-CCB701E69E5A}.Release|Any CPU.ActiveCfg = Release|Any CPU
		{2DEF3618-9759-419F-880A-CCB701E69E5A}.Release|Any CPU.Build.0 = Release|Any CPU
	EndGlobalSection
	GlobalSection(SolutionProperties) = preSolution
		HideSolutionNode = FALSE
	EndGlobalSection
	GlobalSection(ExtensibilityGlobals) = postSolution
		SolutionGuid = {462D4EF9-6B3C-4EDB-8013-096D3AC4B3F5}
	EndGlobalSection
EndGlobal
